// !$*UTF8*$!
{
	archiveVersion = 1;
	classes = {
	};
	objectVersion = 77;
	objects = {

/* Begin PBXContainerItemProxy section */
		648E04702E5E8B4C00510F76 /* PBXContainerItemProxy */ = {
			isa = PBXContainerItemProxy;
			containerPortal = 648E045A2E5E8B4B00510F76 /* Project object */;
			proxyType = 1;
			remoteGlobalIDString = 648E04612E5E8B4B00510F76;
			remoteInfo = "20250827-GridView-Practice";
		};
		648E047A2E5E8B4C00510F76 /* PBXContainerItemProxy */ = {
			isa = PBXContainerItemProxy;
			containerPortal = 648E045A2E5E8B4B00510F76 /* Project object */;
			proxyType = 1;
			remoteGlobalIDString = 648E04612E5E8B4B00510F76;
			remoteInfo = "20250827-GridView-Practice";
		};
/* End PBXContainerItemProxy section */

/* Begin PBXFileReference section */
		648E04622E5E8B4B00510F76 /* 20250827-GridView-Practice.app */ = {isa = PBXFileReference; explicitFileType = wrapper.application; includeInIndex = 0; path = "20250827-GridView-Practice.app"; sourceTree = BUILT_PRODUCTS_DIR; };
		648E046F2E5E8B4C00510F76 /* 20250827-GridView-PracticeTests.xctest */ = {isa = PBXFileReference; explicitFileType = wrapper.cfbundle; includeInIndex = 0; path = "20250827-GridView-PracticeTests.xctest"; sourceTree = BUILT_PRODUCTS_DIR; };
		648E04792E5E8B4C00510F76 /* 20250827-GridView-PracticeUITests.xctest */ = {isa = PBXFileReference; explicitFileType = wrapper.cfbundle; includeInIndex = 0; path = "20250827-GridView-PracticeUITests.xctest"; sourceTree = BUILT_PRODUCTS_DIR; };
/* End PBXFileReference section */

/* Begin PBXFileSystemSynchronizedRootGroup section */
		648E04642E5E8B4B00510F76 /* 20250827-GridView-Practice */ = {
			isa = PBXFileSystemSynchronizedRootGroup;
			path = "20250827-GridView-Practice";
			sourceTree = "<group>";
		};
		648E04722E5E8B4C00510F76 /* 20250827-GridView-PracticeTests */ = {
			isa = PBXFileSystemSynchronizedRootGroup;
			path = "20250827-GridView-PracticeTests";
			sourceTree = "<group>";
		};
		648E047C2E5E8B4C00510F76 /* 20250827-GridView-PracticeUITests */ = {
			isa = PBXFileSystemSynchronizedRootGroup;
			path = "20250827-GridView-PracticeUITests";
			sourceTree = "<group>";
		};
/* End PBXFileSystemSynchronizedRootGroup section */

/* Begin PBXFrameworksBuildPhase section */
		648E045F2E5E8B4B00510F76 /* Frameworks */ = {
			isa = PBXFrameworksBuildPhase;
			buildActionMask = 2147483647;
			files = (
			);
			runOnlyForDeploymentPostprocessing = 0;
		};
		648E046C2E5E8B4C00510F76 /* Frameworks */ = {
			isa = PBXFrameworksBuildPhase;
			buildActionMask = 2147483647;
			files = (
			);
			runOnlyForDeploymentPostprocessing = 0;
		};
		648E04762E5E8B4C00510F76 /* Frameworks */ = {
			isa = PBXFrameworksBuildPhase;
			buildActionMask = 2147483647;
			files = (
			);
			runOnlyForDeploymentPostprocessing = 0;
		};
/* End PBXFrameworksBuildPhase section */

/* Begin PBXGroup section */
		648E04592E5E8B4B00510F76 = {
			isa = PBXGroup;
			children = (
				648E04642E5E8B4B00510F76 /* 20250827-GridView-Practice */,
				648E04722E5E8B4C00510F76 /* 20250827-GridView-PracticeTests */,
				648E047C2E5E8B4C00510F76 /* 20250827-GridView-PracticeUITests */,
				648E04632E5E8B4B00510F76 /* Products */,
			);
			sourceTree = "<group>";
		};
		648E04632E5E8B4B00510F76 /* Products */ = {
			isa = PBXGroup;
			children = (
				648E04622E5E8B4B00510F76 /* 20250827-GridView-Practice.app */,
				648E046F2E5E8B4C00510F76 /* 20250827-GridView-PracticeTests.xctest */,
				648E04792E5E8B4C00510F76 /* 20250827-GridView-PracticeUITests.xctest */,
			);
			name = Products;
			sourceTree = "<group>";
		};
/* End PBXGroup section */

/* Begin PBXNativeTarget section */
		648E04612E5E8B4B00510F76 /* 20250827-GridView-Practice */ = {
			isa = PBXNativeTarget;
			buildConfigurationList = 648E04832E5E8B4C00510F76 /* Build configuration list for PBXNativeTarget "20250827-GridView-Practice" */;
			buildPhases = (
				648E045E2E5E8B4B00510F76 /* Sources */,
				648E045F2E5E8B4B00510F76 /* Frameworks */,
				648E04602E5E8B4B00510F76 /* Resources */,
			);
			buildRules = (
			);
			dependencies = (
			);
			fileSystemSynchronizedGroups = (
				648E04642E5E8B4B00510F76 /* 20250827-GridView-Practice */,
			);
			name = "20250827-GridView-Practice";
			packageProductDependencies = (
			);
			productName = "20250827-GridView-Practice";
			productReference = 648E04622E5E8B4B00510F76 /* 20250827-GridView-Practice.app */;
			productType = "com.apple.product-type.application";
		};
		648E046E2E5E8B4C00510F76 /* 20250827-GridView-PracticeTests */ = {
			isa = PBXNativeTarget;
			buildConfigurationList = 648E04862E5E8B4C00510F76 /* Build configuration list for PBXNativeTarget "20250827-GridView-PracticeTests" */;
			buildPhases = (
				648E046B2E5E8B4C00510F76 /* Sources */,
				648E046C2E5E8B4C00510F76 /* Frameworks */,
				648E046D2E5E8B4C00510F76 /* Resources */,
			);
			buildRules = (
			);
			dependencies = (
				648E04712E5E8B4C00510F76 /* PBXTargetDependency */,
			);
			fileSystemSynchronizedGroups = (
				648E04722E5E8B4C00510F76 /* 20250827-GridView-PracticeTests */,
			);
			name = "20250827-GridView-PracticeTests";
			packageProductDependencies = (
			);
			productName = "20250827-GridView-PracticeTests";
			productReference = 648E046F2E5E8B4C00510F76 /* 20250827-GridView-PracticeTests.xctest */;
			productType = "com.apple.product-type.bundle.unit-test";
		};
		648E04782E5E8B4C00510F76 /* 20250827-GridView-PracticeUITests */ = {
			isa = PBXNativeTarget;
			buildConfigurationList = 648E04892E5E8B4C00510F76 /* Build configuration list for PBXNativeTarget "20250827-GridView-PracticeUITests" */;
			buildPhases = (
				648E04752E5E8B4C00510F76 /* Sources */,
				648E04762E5E8B4C00510F76 /* Frameworks */,
				648E04772E5E8B4C00510F76 /* Resources */,
			);
			buildRules = (
			);
			dependencies = (
				648E047B2E5E8B4C00510F76 /* PBXTargetDependency */,
			);
			fileSystemSynchronizedGroups = (
				648E047C2E5E8B4C00510F76 /* 20250827-GridView-PracticeUITests */,
			);
			name = "20250827-GridView-PracticeUITests";
			packageProductDependencies = (
			);
			productName = "20250827-GridView-PracticeUITests";
			productReference = 648E04792E5E8B4C00510F76 /* 20250827-GridView-PracticeUITests.xctest */;
			productType = "com.apple.product-type.bundle.ui-testing";
		};
/* End PBXNativeTarget section */

/* Begin PBXProject section */
		648E045A2E5E8B4B00510F76 /* Project object */ = {
			isa = PBXProject;
			attributes = {
				BuildIndependentTargetsInParallel = 1;
				LastSwiftUpdateCheck = 1630;
				LastUpgradeCheck = 1630;
				TargetAttributes = {
					648E04612E5E8B4B00510F76 = {
						CreatedOnToolsVersion = 16.3;
					};
					648E046E2E5E8B4C00510F76 = {
						CreatedOnToolsVersion = 16.3;
						TestTargetID = 648E04612E5E8B4B00510F76;
					};
					648E04782E5E8B4C00510F76 = {
						CreatedOnToolsVersion = 16.3;
						TestTargetID = 648E04612E5E8B4B00510F76;
					};
				};
			};
			buildConfigurationList = 648E045D2E5E8B4B00510F76 /* Build configuration list for PBXProject "20250827-GridView-Practice" */;
			developmentRegion = en;
			hasScannedForEncodings = 0;
			knownRegions = (
				en,
				Base,
			);
			mainGroup = 648E04592E5E8B4B00510F76;
			minimizedProjectReferenceProxies = 1;
			preferredProjectObjectVersion = 77;
			productRefGroup = 648E04632E5E8B4B00510F76 /* Products */;
			projectDirPath = "";
			projectRoot = "";
			targets = (
				648E04612E5E8B4B00510F76 /* 20250827-GridView-Practice */,
				648E046E2E5E8B4C00510F76 /* 20250827-GridView-PracticeTests */,
				648E04782E5E8B4C00510F76 /* 20250827-GridView-PracticeUITests */,
			);
		};
/* End PBXProject section */

/* Begin PBXResourcesBuildPhase section */
		648E04602E5E8B4B00510F76 /* Resources */ = {
			isa = PBXResourcesBuildPhase;
			buildActionMask = 2147483647;
			files = (
			);
			runOnlyForDeploymentPostprocessing = 0;
		};
		648E046D2E5E8B4C00510F76 /* Resources */ = {
			isa = PBXResourcesBuildPhase;
			buildActionMask = 2147483647;
			files = (
			);
			runOnlyForDeploymentPostprocessing = 0;
		};
		648E04772E5E8B4C00510F76 /* Resources */ = {
			isa = PBXResourcesBuildPhase;
			buildActionMask = 2147483647;
			files = (
			);
			runOnlyForDeploymentPostprocessing = 0;
		};
/* End PBXResourcesBuildPhase section */

/* Begin PBXSourcesBuildPhase section */
		648E045E2E5E8B4B00510F76 /* Sources */ = {
			isa = PBXSourcesBuildPhase;
			buildActionMask = 2147483647;
			files = (
			);
			runOnlyForDeploymentPostprocessing = 0;
		};
		648E046B2E5E8B4C00510F76 /* Sources */ = {
			isa = PBXSourcesBuildPhase;
			buildActionMask = 2147483647;
			files = (
			);
			runOnlyForDeploymentPostprocessing = 0;
		};
		648E04752E5E8B4C00510F76 /* Sources */ = {
			isa = PBXSourcesBuildPhase;
			buildActionMask = 2147483647;
			files = (
			);
			runOnlyForDeploymentPostprocessing = 0;
		};
/* End PBXSourcesBuildPhase section */

/* Begin PBXTargetDependency section */
		648E04712E5E8B4C00510F76 /* PBXTargetDependency */ = {
			isa = PBXTargetDependency;
			target = 648E04612E5E8B4B00510F76 /* 20250827-GridView-Practice */;
			targetProxy = 648E04702E5E8B4C00510F76 /* PBXContainerItemProxy */;
		};
		648E047B2E5E8B4C00510F76 /* PBXTargetDependency */ = {
			isa = PBXTargetDependency;
			target = 648E04612E5E8B4B00510F76 /* 20250827-GridView-Practice */;
			targetProxy = 648E047A2E5E8B4C00510F76 /* PBXContainerItemProxy */;
		};
/* End PBXTargetDependency section */

/* Begin XCBuildConfiguration section */
		648E04812E5E8B4C00510F76 /* Debug */ = {
			isa = XCBuildConfiguration;
			buildSettings = {
				ALWAYS_SEARCH_USER_PATHS = NO;
				ASSETCATALOG_COMPILER_GENERATE_SWIFT_ASSET_SYMBOL_EXTENSIONS = YES;
				CLANG_ANALYZER_NONNULL = YES;
				CLANG_ANALYZER_NUMBER_OBJECT_CONVERSION = YES_AGGRESSIVE;
				CLANG_CXX_LANGUAGE_STANDARD = "gnu++20";
				CLANG_ENABLE_MODULES = YES;
				CLANG_ENABLE_OBJC_ARC = YES;
				CLANG_ENABLE_OBJC_WEAK = YES;
				CLANG_WARN_BLOCK_CAPTURE_AUTORELEASING = YES;
				CLANG_WARN_BOOL_CONVERSION = YES;
				CLANG_WARN_COMMA = YES;
				CLANG_WARN_CONSTANT_CONVERSION = YES;
				CLANG_WARN_DEPRECATED_OBJC_IMPLEMENTATIONS = YES;
				CLANG_WARN_DIRECT_OBJC_ISA_USAGE = YES_ERROR;
				CLANG_WARN_DOCUMENTATION_COMMENTS = YES;
				CLANG_WARN_EMPTY_BODY = YES;
				CLANG_WARN_ENUM_CONVERSION = YES;
				CLANG_WARN_INFINITE_RECURSION = YES;
				CLANG_WARN_INT_CONVERSION = YES;
				CLANG_WARN_NON_LITERAL_NULL_CONVERSION = YES;
				CLANG_WARN_OBJC_IMPLICIT_RETAIN_SELF = YES;
				CLANG_WARN_OBJC_LITERAL_CONVERSION = YES;
				CLANG_WARN_OBJC_ROOT_CLASS = YES_ERROR;
				CLANG_WARN_QUOTED_INCLUDE_IN_FRAMEWORK_HEADER = YES;
				CLANG_WARN_RANGE_LOOP_ANALYSIS = YES;
				CLANG_WARN_STRICT_PROTOTYPES = YES;
				CLANG_WARN_SUSPICIOUS_MOVE = YES;
				CLANG_WARN_UNGUARDED_AVAILABILITY = YES_AGGRESSIVE;
				CLANG_WARN_UNREACHABLE_CODE = YES;
				CLANG_WARN__DUPLICATE_METHOD_MATCH = YES;
				COPY_PHASE_STRIP = NO;
				DEBUG_INFORMATION_FORMAT = dwarf;
				DEVELOPMENT_TEAM = AB5687RX84;
				ENABLE_STRICT_OBJC_MSGSEND = YES;
				ENABLE_TESTABILITY = YES;
				ENABLE_USER_SCRIPT_SANDBOXING = YES;
				GCC_C_LANGUAGE_STANDARD = gnu17;
				GCC_DYNAMIC_NO_PIC = NO;
				GCC_NO_COMMON_BLOCKS = YES;
				GCC_OPTIMIZATION_LEVEL = 0;
				GCC_PREPROCESSOR_DEFINITIONS = (
					"DEBUG=1",
					"$(inherited)",
				);
				GCC_WARN_64_TO_32_BIT_CONVERSION = YES;
				GCC_WARN_ABOUT_RETURN_TYPE = YES_ERROR;
				GCC_WARN_UNDECLARED_SELECTOR = YES;
				GCC_WARN_UNINITIALIZED_AUTOS = YES_AGGRESSIVE;
				GCC_WARN_UNUSED_FUNCTION = YES;
				GCC_WARN_UNUSED_VARIABLE = YES;
				IPHONEOS_DEPLOYMENT_TARGET = 18.4;
				LOCALIZATION_PREFERS_STRING_CATALOGS = YES;
				MTL_ENABLE_DEBUG_INFO = INCLUDE_SOURCE;
				MTL_FAST_MATH = YES;
				ONLY_ACTIVE_ARCH = YES;
				SDKROOT = iphoneos;
				SWIFT_ACTIVE_COMPILATION_CONDITIONS = "DEBUG $(inherited)";
				SWIFT_OPTIMIZATION_LEVEL = "-Onone";
			};
			name = Debug;
		};
		648E04822E5E8B4C00510F76 /* Release */ = {
			isa = XCBuildConfiguration;
			buildSettings = {
				ALWAYS_SEARCH_USER_PATHS = NO;
				ASSETCATALOG_COMPILER_GENERATE_SWIFT_ASSET_SYMBOL_EXTENSIONS = YES;
				CLANG_ANALYZER_NONNULL = YES;
				CLANG_ANALYZER_NUMBER_OBJECT_CONVERSION = YES_AGGRESSIVE;
				CLANG_CXX_LANGUAGE_STANDARD = "gnu++20";
				CLANG_ENABLE_MODULES = YES;
				CLANG_ENABLE_OBJC_ARC = YES;
				CLANG_ENABLE_OBJC_WEAK = YES;
				CLANG_WARN_BLOCK_CAPTURE_AUTORELEASING = YES;
				CLANG_WARN_BOOL_CONVERSION = YES;
				CLANG_WARN_COMMA = YES;
				CLANG_WARN_CONSTANT_CONVERSION = YES;
				CLANG_WARN_DEPRECATED_OBJC_IMPLEMENTATIONS = YES;
				CLANG_WARN_DIRECT_OBJC_ISA_USAGE = YES_ERROR;
				CLANG_WARN_DOCUMENTATION_COMMENTS = YES;
				CLANG_WARN_EMPTY_BODY = YES;
				CLANG_WARN_ENUM_CONVERSION = YES;
				CLANG_WARN_INFINITE_RECURSION = YES;
				CLANG_WARN_INT_CONVERSION = YES;
				CLANG_WARN_NON_LITERAL_NULL_CONVERSION = YES;
				CLANG_WARN_OBJC_IMPLICIT_RETAIN_SELF = YES;
				CLANG_WARN_OBJC_LITERAL_CONVERSION = YES;
				CLANG_WARN_OBJC_ROOT_CLASS = YES_ERROR;
				CLANG_WARN_QUOTED_INCLUDE_IN_FRAMEWORK_HEADER = YES;
				CLANG_WARN_RANGE_LOOP_ANALYSIS = YES;
				CLANG_WARN_STRICT_PROTOTYPES = YES;
				CLANG_WARN_SUSPICIOUS_MOVE = YES;
				CLANG_WARN_UNGUARDED_AVAILABILITY = YES_AGGRESSIVE;
				CLANG_WARN_UNREACHABLE_CODE = YES;
				CLANG_WARN__DUPLICATE_METHOD_MATCH = YES;
				COPY_PHASE_STRIP = NO;
				DEBUG_INFORMATION_FORMAT = "dwarf-with-dsym";
				DEVELOPMENT_TEAM = AB5687RX84;
				ENABLE_NS_ASSERTIONS = NO;
				ENABLE_STRICT_OBJC_MSGSEND = YES;
				ENABLE_USER_SCRIPT_SANDBOXING = YES;
				GCC_C_LANGUAGE_STANDARD = gnu17;
				GCC_NO_COMMON_BLOCKS = YES;
				GCC_WARN_64_TO_32_BIT_CONVERSION = YES;
				GCC_WARN_ABOUT_RETURN_TYPE = YES_ERROR;
				GCC_WARN_UNDECLARED_SELECTOR = YES;
				GCC_WARN_UNINITIALIZED_AUTOS = YES_AGGRESSIVE;
				GCC_WARN_UNUSED_FUNCTION = YES;
				GCC_WARN_UNUSED_VARIABLE = YES;
				IPHONEOS_DEPLOYMENT_TARGET = 18.4;
				LOCALIZATION_PREFERS_STRING_CATALOGS = YES;
				MTL_ENABLE_DEBUG_INFO = NO;
				MTL_FAST_MATH = YES;
				SDKROOT = iphoneos;
				SWIFT_COMPILATION_MODE = wholemodule;
				VALIDATE_PRODUCT = YES;
			};
			name = Release;
		};
		648E04842E5E8B4C00510F76 /* Debug */ = {
			isa = XCBuildConfiguration;
			buildSettings = {
				ASSETCATALOG_COMPILER_APPICON_NAME = AppIcon;
				ASSETCATALOG_COMPILER_GLOBAL_ACCENT_COLOR_NAME = AccentColor;
				CODE_SIGN_STYLE = Automatic;
				CURRENT_PROJECT_VERSION = 1;
				DEVELOPMENT_TEAM = AB5687RX84;
				ENABLE_PREVIEWS = YES;
				GENERATE_INFOPLIST_FILE = YES;
				INFOPLIST_KEY_UIApplicationSceneManifest_Generation = YES;
				INFOPLIST_KEY_UIApplicationSupportsIndirectInputEvents = YES;
				INFOPLIST_KEY_UILaunchScreen_Generation = YES;
				INFOPLIST_KEY_UISupportedInterfaceOrientations_iPad = "UIInterfaceOrientationPortrait UIInterfaceOrientationPortraitUpsideDown UIInterfaceOrientationLandscapeLeft UIInterfaceOrientationLandscapeRight";
				INFOPLIST_KEY_UISupportedInterfaceOrientations_iPhone = "UIInterfaceOrientationPortrait UIInterfaceOrientationLandscapeLeft UIInterfaceOrientationLandscapeRight";
				LD_RUNPATH_SEARCH_PATHS = (
					"$(inherited)",
					"@executable_path/Frameworks",
				);
				MARKETING_VERSION = 1.0;
				PRODUCT_BUNDLE_IDENTIFIER = "com.dawei.hao.-0250827-GridView-Practice";
				PRODUCT_NAME = "$(TARGET_NAME)";
				SWIFT_EMIT_LOC_STRINGS = YES;
				SWIFT_VERSION = 5.0;
				TARGETED_DEVICE_FAMILY = "1,2";
			};
			name = Debug;
		};
		648E04852E5E8B4C00510F76 /* Release */ = {
			isa = XCBuildConfiguration;
			buildSettings = {
				ASSETCATALOG_COMPILER_APPICON_NAME = AppIcon;
				ASSETCATALOG_COMPILER_GLOBAL_ACCENT_COLOR_NAME = AccentColor;
				CODE_SIGN_STYLE = Automatic;
				CURRENT_PROJECT_VERSION = 1;
				DEVELOPMENT_TEAM = AB5687RX84;
				ENABLE_PREVIEWS = YES;
				GENERATE_INFOPLIST_FILE = YES;
				INFOPLIST_KEY_UIApplicationSceneManifest_Generation = YES;
				INFOPLIST_KEY_UIApplicationSupportsIndirectInputEvents = YES;
				INFOPLIST_KEY_UILaunchScreen_Generation = YES;
				INFOPLIST_KEY_UISupportedInterfaceOrientations_iPad = "UIInterfaceOrientationPortrait UIInterfaceOrientationPortraitUpsideDown UIInterfaceOrientationLandscapeLeft UIInterfaceOrientationLandscapeRight";
				INFOPLIST_KEY_UISupportedInterfaceOrientations_iPhone = "UIInterfaceOrientationPortrait UIInterfaceOrientationLandscapeLeft UIInterfaceOrientationLandscapeRight";
				LD_RUNPATH_SEARCH_PATHS = (
					"$(inherited)",
					"@executable_path/Frameworks",
				);
				MARKETING_VERSION = 1.0;
				PRODUCT_BUNDLE_IDENTIFIER = "com.dawei.hao.-0250827-GridView-Practice";
				PRODUCT_NAME = "$(TARGET_NAME)";
				SWIFT_EMIT_LOC_STRINGS = YES;
				SWIFT_VERSION = 5.0;
				TARGETED_DEVICE_FAMILY = "1,2";
			};
			name = Release;
		};
		648E04872E5E8B4C00510F76 /* Debug */ = {
			isa = XCBuildConfiguration;
			buildSettings = {
				BUNDLE_LOADER = "$(TEST_HOST)";
				CODE_SIGN_STYLE = Automatic;
				CURRENT_PROJECT_VERSION = 1;
				DEVELOPMENT_TEAM = AB5687RX84;
				GENERATE_INFOPLIST_FILE = YES;
				IPHONEOS_DEPLOYMENT_TARGET = 18.4;
				MARKETING_VERSION = 1.0;
				PRODUCT_BUNDLE_IDENTIFIER = "com.dawei.hao.-0250827-GridView-PracticeTests";
				PRODUCT_NAME = "$(TARGET_NAME)";
				SWIFT_EMIT_LOC_STRINGS = NO;
				SWIFT_VERSION = 5.0;
				TARGETED_DEVICE_FAMILY = "1,2";
				TEST_HOST = "$(BUILT_PRODUCTS_DIR)/20250827-GridView-Practice.app/$(BUNDLE_EXECUTABLE_FOLDER_PATH)/20250827-GridView-Practice";
			};
			name = Debug;
		};
		648E04882E5E8B4C00510F76 /* Release */ = {
			isa = XCBuildConfiguration;
			buildSettings = {
				BUNDLE_LOADER = "$(TEST_HOST)";
				CODE_SIGN_STYLE = Automatic;
				CURRENT_PROJECT_VERSION = 1;
				DEVELOPMENT_TEAM = AB5687RX84;
				GENERATE_INFOPLIST_FILE = YES;
				IPHONEOS_DEPLOYMENT_TARGET = 18.4;
				MARKETING_VERSION = 1.0;
				PRODUCT_BUNDLE_IDENTIFIER = "com.dawei.hao.-0250827-GridView-PracticeTests";
				PRODUCT_NAME = "$(TARGET_NAME)";
				SWIFT_EMIT_LOC_STRINGS = NO;
				SWIFT_VERSION = 5.0;
				TARGETED_DEVICE_FAMILY = "1,2";
				TEST_HOST = "$(BUILT_PRODUCTS_DIR)/20250827-GridView-Practice.app/$(BUNDLE_EXECUTABLE_FOLDER_PATH)/20250827-GridView-Practice";
			};
			name = Release;
		};
		648E048A2E5E8B4C00510F76 /* Debug */ = {
			isa = XCBuildConfiguration;
			buildSettings = {
				CODE_SIGN_STYLE = Automatic;
				CURRENT_PROJECT_VERSION = 1;
				DEVELOPMENT_TEAM = AB5687RX84;
				GENERATE_INFOPLIST_FILE = YES;
				MARKETING_VERSION = 1.0;
				PRODUCT_BUNDLE_IDENTIFIER = "com.dawei.hao.-0250827-GridView-PracticeUITests";
				PRODUCT_NAME = "$(TARGET_NAME)";
				SWIFT_EMIT_LOC_STRINGS = NO;
				SWIFT_VERSION = 5.0;
				TARGETED_DEVICE_FAMILY = "1,2";
				TEST_TARGET_NAME = "20250827-GridView-Practice";
			};
			name = Debug;
		};
		648E048B2E5E8B4C00510F76 /* Release */ = {
			isa = XCBuildConfiguration;
			buildSettings = {
				CODE_SIGN_STYLE = Automatic;
				CURRENT_PROJECT_VERSION = 1;
				DEVELOPMENT_TEAM = AB5687RX84;
				GENERATE_INFOPLIST_FILE = YES;
				MARKETING_VERSION = 1.0;
				PRODUCT_BUNDLE_IDENTIFIER = "com.dawei.hao.-0250827-GridView-PracticeUITests";
				PRODUCT_NAME = "$(TARGET_NAME)";
				SWIFT_EMIT_LOC_STRINGS = NO;
				SWIFT_VERSION = 5.0;
				TARGETED_DEVICE_FAMILY = "1,2";
				TEST_TARGET_NAME = "20250827-GridView-Practice";
			};
			name = Release;
		};
/* End XCBuildConfiguration section */

/* Begin XCConfigurationList section */
		648E045D2E5E8B4B00510F76 /* Build configuration list for PBXProject "20250827-GridView-Practice" */ = {
			isa = XCConfigurationList;
			buildConfigurations = (
				648E04812E5E8B4C00510F76 /* Debug */,
				648E04822E5E8B4C00510F76 /* Release */,
			);
			defaultConfigurationIsVisible = 0;
			defaultConfigurationName = Release;
		};
		648E04832E5E8B4C00510F76 /* Build configuration list for PBXNativeTarget "20250827-GridView-Practice" */ = {
			isa = XCConfigurationList;
			buildConfigurations = (
				648E04842E5E8B4C00510F76 /* Debug */,
				648E04852E5E8B4C00510F76 /* Release */,
			);
			defaultConfigurationIsVisible = 0;
			defaultConfigurationName = Release;
		};
		648E04862E5E8B4C00510F76 /* Build configuration list for PBXNativeTarget "20250827-GridView-PracticeTests" */ = {
			isa = XCConfigurationList;
			buildConfigurations = (
				648E04872E5E8B4C00510F76 /* Debug */,
				648E04882E5E8B4C00510F76 /* Release */,
			);
			defaultConfigurationIsVisible = 0;
			defaultConfigurationName = Release;
		};
		648E04892E5E8B4C00510F76 /* Build configuration list for PBXNativeTarget "20250827-GridView-PracticeUITests" */ = {
			isa = XCConfigurationList;
			buildConfigurations = (
				648E048A2E5E8B4C00510F76 /* Debug */,
				648E048B2E5E8B4C00510F76 /* Release */,
			);
			defaultConfigurationIsVisible = 0;
			defaultConfigurationName = Release;
		};
/* End XCConfigurationList section */
	};
	rootObject = 648E045A2E5E8B4B00510F76 /* Project object */;
}
